
Microsoft Visual Studio Solution File, Format Version 12.00
# Visual Studio 15
Project("{FAE04EC0-301F-11D3-BF4B-00C04F79EFBC}") = "ProvaOBI2019_Idade", "ProvaOBI2019_Idade\ProvaOBI2019_Idade.csproj", "{981862DF-6AA6-4E87-8BC1-4AE2353CB3EE}"
EndProject
Global
	GlobalSection(SolutionConfigurationPlatforms) = preSolution
		Debug|Any CPU = Debug|Any CPU
		Release|Any CPU = Release|Any CPU
	EndGlobalSection
	GlobalSection(ProjectConfigurationPlatforms) = postSolution
		{981862DF-6AA6-4E87-8BC1-4AE2353CB3EE}.Debug|Any CPU.ActiveCfg = Debug|Any CPU
		{981862DF-6AA6-4E87-8BC1-4AE2353CB3EE}.Debug|Any CPU.Build.0 = Debug|Any CPU
		{981862DF-6AA6-4E87-8BC1-4AE2353CB3EE}.Release|Any CPU.ActiveCfg = Release|Any CPU
		{981862DF-6AA6-4E87-8BC1-4AE2353CB3EE}.Release|Any CPU.Build.0 = Release|Any CPU
	EndGlobalSection
EndGlobal
